
Microsoft Visual Studio Solution File, Format Version 12.00
# Visual Studio Version 17
VisualStudioVersion = 17.5.33424.131
MinimumVisualStudioVersion = 10.0.40219.1
Project("{FAE04EC0-301F-11D3-BF4B-00C04F79EFBC}") = "ConsoleApp13", "ConsoleApp13\ConsoleApp13.csproj", "{A9657195-7A04-41E1-9506-8FD943C14662}"
EndProject
Global
	GlobalSection(SolutionConfigurationPlatforms) = preSolution
		Debug|Any CPU = Debug|Any CPU
		Release|Any CPU = Release|Any CPU
	EndGlobalSection
	GlobalSection(ProjectConfigurationPlatforms) = postSolution
		{A9657195-7A04-41E1-9506-8FD943C14662}.Debug|Any CPU.ActiveCfg = Debug|Any CPU
		{A9657195-7A04-41E1-9506-8FD943C14662}.Debug|Any CPU.Build.0 = Debug|Any CPU
		{A9657195-7A04-41E1-9506-8FD943C14662}.Release|Any CPU.ActiveCfg = Release|Any CPU
		{A9657195-7A04-41E1-9506-8FD943C14662}.Release|Any CPU.Build.0 = Release|Any CPU
	EndGlobalSection
	GlobalSection(SolutionProperties) = preSolution
		HideSolutionNode = FALSE
	EndGlobalSection
	GlobalSection(ExtensibilityGlobals) = postSolution
		SolutionGuid = {CFA5E334-7322-4745-AD39-B492F9BB8052}
	EndGlobalSection
EndGlobal
